
Microsoft Visual Studio Solution File, Format Version 12.00
# Visual Studio 15
VisualStudioVersion = 15.0.28307.168
MinimumVisualStudioVersion = 10.0.40219.1
Project("{FAE04EC0-301F-11D3-BF4B-00C04F79EFBC}") = "HelloWorld", "HelloWorld\HelloWorld.csproj", "{72BBBB82-9F19-41A1-879D-6CE7895F7ACD}"
EndProject
Project("{FAE04EC0-301F-11D3-BF4B-00C04F79EFBC}") = "HelloWorldTests", "HelloWorldTests\HelloWorldTests.csproj", "{EE43597D-6AC9-462B-8309-D34A3771CF22}"
EndProject
Global
	GlobalSection(SolutionConfigurationPlatforms) = preSolution
		Debug|Any CPU = Debug|Any CPU
		Release|Any CPU = Release|Any CPU
	EndGlobalSection
	GlobalSection(ProjectConfigurationPlatforms) = postSolution
		{72BBBB82-9F19-41A1-879D-6CE7895F7ACD}.Debug|Any CPU.ActiveCfg = Debug|Any CPU
		{72BBBB82-9F19-41A1-879D-6CE7895F7ACD}.Debug|Any CPU.Build.0 = Debug|Any CPU
		{72BBBB82-9F19-41A1-879D-6CE7895F7ACD}.Release|Any CPU.ActiveCfg = Release|Any CPU
		{72BBBB82-9F19-41A1-879D-6CE7895F7ACD}.Release|Any CPU.Build.0 = Release|Any CPU
		{EE43597D-6AC9-462B-8309-D34A3771CF22}.Debug|Any CPU.ActiveCfg = Debug|Any CPU
		{EE43597D-6AC9-462B-8309-D34A3771CF22}.Debug|Any CPU.Build.0 = Debug|Any CPU
		{EE43597D-6AC9-462B-8309-D34A3771CF22}.Release|Any CPU.ActiveCfg = Release|Any CPU
		{EE43597D-6AC9-462B-8309-D34A3771CF22}.Release|Any CPU.Build.0 = Release|Any CPU
	EndGlobalSection
	GlobalSection(SolutionProperties) = preSolution
		HideSolutionNode = FALSE
	EndGlobalSection
	GlobalSection(ExtensibilityGlobals) = postSolution
		SolutionGuid = {0B3BEB36-6FE1-4C0A-8AD8-08DC8D74AB1F}
	EndGlobalSection
EndGlobal
